
Microsoft Visual Studio Solution File, Format Version 12.00
# Visual Studio Version 17
VisualStudioVersion = 17.9.34607.119
MinimumVisualStudioVersion = 10.0.40219.1
Project("{9A19103F-16F7-4668-BE54-9A1E7A4F7556}") = "Valuator", "Valuator.csproj", "{524BFBBA-F16F-48C5-BC94-EDF35AC80DDC}"
EndProject
Global
	GlobalSection(SolutionConfigurationPlatforms) = preSolution
		Debug|Any CPU = Debug|Any CPU
		Release|Any CPU = Release|Any CPU
	EndGlobalSection
	GlobalSection(ProjectConfigurationPlatforms) = postSolution
		{524BFBBA-F16F-48C5-BC94-EDF35AC80DDC}.Debug|Any CPU.ActiveCfg = Debug|Any CPU
		{524BFBBA-F16F-48C5-BC94-EDF35AC80DDC}.Debug|Any CPU.Build.0 = Debug|Any CPU
		{524BFBBA-F16F-48C5-BC94-EDF35AC80DDC}.Release|Any CPU.ActiveCfg = Release|Any CPU
		{524BFBBA-F16F-48C5-BC94-EDF35AC80DDC}.Release|Any CPU.Build.0 = Release|Any CPU
	EndGlobalSection
	GlobalSection(SolutionProperties) = preSolution
		HideSolutionNode = FALSE
	EndGlobalSection
	GlobalSection(ExtensibilityGlobals) = postSolution
		SolutionGuid = {7FAFDF11-E94E-4F72-9237-C2CB5E1EECD3}
	EndGlobalSection
EndGlobal
