
Microsoft Visual Studio Solution File, Format Version 12.00
# Visual Studio Version 17
VisualStudioVersion = 17.9.34607.119
MinimumVisualStudioVersion = 10.0.40219.1
Project("{9A19103F-16F7-4668-BE54-9A1E7A4F7556}") = "RankCalculator", "RankCalculator.csproj", "{6F346BF8-E1BC-46D9-AFB3-D8645A7EE20B}"
EndProject
Global
	GlobalSection(SolutionConfigurationPlatforms) = preSolution
		Debug|Any CPU = Debug|Any CPU
		Release|Any CPU = Release|Any CPU
	EndGlobalSection
	GlobalSection(ProjectConfigurationPlatforms) = postSolution
		{6F346BF8-E1BC-46D9-AFB3-D8645A7EE20B}.Debug|Any CPU.ActiveCfg = Debug|Any CPU
		{6F346BF8-E1BC-46D9-AFB3-D8645A7EE20B}.Debug|Any CPU.Build.0 = Debug|Any CPU
		{6F346BF8-E1BC-46D9-AFB3-D8645A7EE20B}.Release|Any CPU.ActiveCfg = Release|Any CPU
		{6F346BF8-E1BC-46D9-AFB3-D8645A7EE20B}.Release|Any CPU.Build.0 = Release|Any CPU
	EndGlobalSection
	GlobalSection(SolutionProperties) = preSolution
		HideSolutionNode = FALSE
	EndGlobalSection
	GlobalSection(ExtensibilityGlobals) = postSolution
		SolutionGuid = {A7084206-BCBE-4D9B-81DC-396ACCAB113D}
	EndGlobalSection
EndGlobal
