
Microsoft Visual Studio Solution File, Format Version 12.00
# Visual Studio Version 17
VisualStudioVersion = 17.9.34607.119
MinimumVisualStudioVersion = 10.0.40219.1
Project("{FAE04EC0-301F-11D3-BF4B-00C04F79EFBC}") = "RingAlgorithm", "RingAlgorithm.csproj", "{AACA4605-4D02-482D-93DB-C077770F3FCE}"
EndProject
Global
	GlobalSection(SolutionConfigurationPlatforms) = preSolution
		Debug|Any CPU = Debug|Any CPU
		Release|Any CPU = Release|Any CPU
	EndGlobalSection
	GlobalSection(ProjectConfigurationPlatforms) = postSolution
		{AACA4605-4D02-482D-93DB-C077770F3FCE}.Debug|Any CPU.ActiveCfg = Debug|Any CPU
		{AACA4605-4D02-482D-93DB-C077770F3FCE}.Debug|Any CPU.Build.0 = Debug|Any CPU
		{AACA4605-4D02-482D-93DB-C077770F3FCE}.Release|Any CPU.ActiveCfg = Release|Any CPU
		{AACA4605-4D02-482D-93DB-C077770F3FCE}.Release|Any CPU.Build.0 = Release|Any CPU
	EndGlobalSection
	GlobalSection(SolutionProperties) = preSolution
		HideSolutionNode = FALSE
	EndGlobalSection
	GlobalSection(ExtensibilityGlobals) = postSolution
		SolutionGuid = {AF7F95E8-C7A7-4402-8196-184E52CDDF81}
	EndGlobalSection
EndGlobal
